// !$*UTF8*$!
{
	archiveVersion = 1;
	classes = {
	};
	objectVersion = 50;
	objects = {

/* Begin PBXBuildFile section */
		FD1A4EC624B7BE0F008E379C /* AppDelegate.swift in Sources */ = {isa = PBXBuildFile; fileRef = FD1A4EC524B7BE0F008E379C /* AppDelegate.swift */; };
		FD1A4EC824B7BE0F008E379C /* SceneDelegate.swift in Sources */ = {isa = PBXBuildFile; fileRef = FD1A4EC724B7BE0F008E379C /* SceneDelegate.swift */; };
		FD1A4ECA24B7BE0F008E379C /* ViewController.swift in Sources */ = {isa = PBXBuildFile; fileRef = FD1A4EC924B7BE0F008E379C /* ViewController.swift */; };
		FD1A4ECD24B7BE0F008E379C /* Main.storyboard in Resources */ = {isa = PBXBuildFile; fileRef = FD1A4ECB24B7BE0F008E379C /* Main.storyboard */; };
		FD1A4ECF24B7BE11008E379C /* Assets.xcassets in Resources */ = {isa = PBXBuildFile; fileRef = FD1A4ECE24B7BE11008E379C /* Assets.xcassets */; };
		FD1A4ED224B7BE11008E379C /* LaunchScreen.storyboard in Resources */ = {isa = PBXBuildFile; fileRef = FD1A4ED024B7BE11008E379C /* LaunchScreen.storyboard */; };
/* End PBXBuildFile section */

/* Begin PBXFileReference section */
		FD1A4EC224B7BE0F008E379C /* FondWire.app */ = {isa = PBXFileReference; explicitFileType = wrapper.application; includeInIndex = 0; path = FondWire.app; sourceTree = BUILT_PRODUCTS_DIR; };
		FD1A4EC524B7BE0F008E379C /* AppDelegate.swift */ = {isa = PBXFileReference; lastKnownFileType = sourcecode.swift; path = AppDelegate.swift; sourceTree = "<group>"; };
		FD1A4EC724B7BE0F008E379C /* SceneDelegate.swift */ = {isa = PBXFileReference; lastKnownFileType = sourcecode.swift; path = SceneDelegate.swift; sourceTree = "<group>"; };
		FD1A4EC924B7BE0F008E379C /* ViewController.swift */ = {isa = PBXFileReference; lastKnownFileType = sourcecode.swift; path = ViewController.swift; sourceTree = "<group>"; };
		FD1A4ECC24B7BE0F008E379C /* Base */ = {isa = PBXFileReference; lastKnownFileType = file.storyboard; name = Base; path = Base.lproj/Main.storyboard; sourceTree = "<group>"; };
		FD1A4ECE24B7BE11008E379C /* Assets.xcassets */ = {isa = PBXFileReference; lastKnownFileType = folder.assetcatalog; path = Assets.xcassets; sourceTree = "<group>"; };
		FD1A4ED124B7BE11008E379C /* Base */ = {isa = PBXFileReference; lastKnownFileType = file.storyboard; name = Base; path = Base.lproj/LaunchScreen.storyboard; sourceTree = "<group>"; };
		FD1A4ED324B7BE11008E379C /* Info.plist */ = {isa = PBXFileReference; lastKnownFileType = text.plist.xml; path = Info.plist; sourceTree = "<group>"; };
/* End PBXFileReference section */

/* Begin PBXFrameworksBuildPhase section */
		FD1A4EBF24B7BE0F008E379C /* Frameworks */ = {
			isa = PBXFrameworksBuildPhase;
			buildActionMask = 2147483647;
			files = (
			);
			runOnlyForDeploymentPostprocessing = 0;
		};
/* End PBXFrameworksBuildPhase section */

/* Begin PBXGroup section */
		FD1A4EB924B7BE0F008E379C = {
			isa = PBXGroup;
			children = (
				FD1A4EC424B7BE0F008E379C /* FondWire */,
				FD1A4EC324B7BE0F008E379C /* Products */,
			);
			sourceTree = "<group>";
		};
		FD1A4EC324B7BE0F008E379C /* Products */ = {
			isa = PBXGroup;
			children = (
				FD1A4EC224B7BE0F008E379C /* FondWire.app */,
			);
			name = Products;
			sourceTree = "<group>";
		};
		FD1A4EC424B7BE0F008E379C /* FondWire */ = {
			isa = PBXGroup;
			children = (
				FD1A4EC524B7BE0F008E379C /* AppDelegate.swift */,
				FD1A4EC724B7BE0F008E379C /* SceneDelegate.swift */,
				FD1A4EC924B7BE0F008E379C /* ViewController.swift */,
				FD1A4ECB24B7BE0F008E379C /* Main.storyboard */,
				FD1A4ECE24B7BE11008E379C /* Assets.xcassets */,
				FD1A4ED024B7BE11008E379C /* LaunchScreen.storyboard */,
				FD1A4ED324B7BE11008E379C /* Info.plist */,
			);
			path = FondWire;
			sourceTree = "<group>";
		};
/* End PBXGroup section */

/* Begin PBXNativeTarget section */
		FD1A4EC124B7BE0F008E379C /* FondWire */ = {
			isa = PBXNativeTarget;
			buildConfigurationList = FD1A4ED624B7BE11008E379C /* Build configuration list for PBXNativeTarget "FondWire" */;
			buildPhases = (
				FD1A4EBE24B7BE0F008E379C /* Sources */,
				FD1A4EBF24B7BE0F008E379C /* Frameworks */,
				FD1A4EC024B7BE0F008E379C /* Resources */,
			);
			buildRules = (
			);
			dependencies = (
			);
			name = FondWire;
			productName = FondWire;
			productReference = FD1A4EC224B7BE0F008E379C /* FondWire.app */;
			productType = "com.apple.product-type.application";
		};
/* End PBXNativeTarget section */

/* Begin PBXProject section */
		FD1A4EBA24B7BE0F008E379C /* Project object */ = {
			isa = PBXProject;
			attributes = {
				LastSwiftUpdateCheck = 1140;
				LastUpgradeCheck = 1140;
				ORGANIZATIONNAME = "Edil Ashimov";
				TargetAttributes = {
					FD1A4EC124B7BE0F008E379C = {
						CreatedOnToolsVersion = 11.4.1;
					};
				};
			};
			buildConfigurationList = FD1A4EBD24B7BE0F008E379C /* Build configuration list for PBXProject "FondWire" */;
			compatibilityVersion = "Xcode 9.3";
			developmentRegion = en;
			hasScannedForEncodings = 0;
			knownRegions = (
				en,
				Base,
			);
			mainGroup = FD1A4EB924B7BE0F008E379C;
			productRefGroup = FD1A4EC324B7BE0F008E379C /* Products */;
			projectDirPath = "";
			projectRoot = "";
			targets = (
				FD1A4EC124B7BE0F008E379C /* FondWire */,
			);
		};
/* End PBXProject section */

/* Begin PBXResourcesBuildPhase section */
		FD1A4EC024B7BE0F008E379C /* Resources */ = {
			isa = PBXResourcesBuildPhase;
			buildActionMask = 2147483647;
			files = (
				FD1A4ED224B7BE11008E379C /* LaunchScreen.storyboard in Resources */,
				FD1A4ECF24B7BE11008E379C /* Assets.xcassets in Resources */,
				FD1A4ECD24B7BE0F008E379C /* Main.storyboard in Resources */,
			);
			runOnlyForDeploymentPostprocessing = 0;
		};
/* End PBXResourcesBuildPhase section */

/* Begin PBXSourcesBuildPhase section */
		FD1A4EBE24B7BE0F008E379C /* Sources */ = {
			isa = PBXSourcesBuildPhase;
			buildActionMask = 2147483647;
			files = (
				FD1A4ECA24B7BE0F008E379C /* ViewController.swift in Sources */,
				FD1A4EC624B7BE0F008E379C /* AppDelegate.swift in Sources */,
				FD1A4EC824B7BE0F008E379C /* SceneDelegate.swift in Sources */,
			);
			runOnlyForDeploymentPostprocessing = 0;
		};
/* End PBXSourcesBuildPhase section */

/* Begin PBXVariantGroup section */
		FD1A4ECB24B7BE0F008E379C /* Main.storyboard */ = {
			isa = PBXVariantGroup;
			children = (
				FD1A4ECC24B7BE0F008E379C /* Base */,
			);
			name = Main.storyboard;
			sourceTree = "<group>";
		};
		FD1A4ED024B7BE11008E379C /* LaunchScreen.storyboard */ = {
			isa = PBXVariantGroup;
			children = (
				FD1A4ED124B7BE11008E379C /* Base */,
			);
			name = LaunchScreen.storyboard;
			sourceTree = "<group>";
		};
/* End PBXVariantGroup section */

/* Begin XCBuildConfiguration section */
		FD1A4ED424B7BE11008E379C /* Debug */ = {
			isa = XCBuildConfiguration;
			buildSettings = {
				ALWAYS_SEARCH_USER_PATHS = NO;
				CLANG_ANALYZER_NONNULL = YES;
				CLANG_ANALYZER_NUMBER_OBJECT_CONVERSION = YES_AGGRESSIVE;
				CLANG_CXX_LANGUAGE_STANDARD = "gnu++14";
				CLANG_CXX_LIBRARY = "libc++";
				CLANG_ENABLE_MODULES = YES;
				CLANG_ENABLE_OBJC_ARC = YES;
				CLANG_ENABLE_OBJC_WEAK = YES;
				CLANG_WARN_BLOCK_CAPTURE_AUTORELEASING = YES;
				CLANG_WARN_BOOL_CONVERSION = YES;
				CLANG_WARN_COMMA = YES;
				CLANG_WARN_CONSTANT_CONVERSION = YES;
				CLANG_WARN_DEPRECATED_OBJC_IMPLEMENTATIONS = YES;
				CLANG_WARN_DIRECT_OBJC_ISA_USAGE = YES_ERROR;
				CLANG_WARN_DOCUMENTATION_COMMENTS = YES;
				CLANG_WARN_EMPTY_BODY = YES;
				CLANG_WARN_ENUM_CONVERSION = YES;
				CLANG_WARN_INFINITE_RECURSION = YES;
				CLANG_WARN_INT_CONVERSION = YES;
				CLANG_WARN_NON_LITERAL_NULL_CONVERSION = YES;
				CLANG_WARN_OBJC_IMPLICIT_RETAIN_SELF = YES;
				CLANG_WARN_OBJC_LITERAL_CONVERSION = YES;
				CLANG_WARN_OBJC_ROOT_CLASS = YES_ERROR;
				CLANG_WARN_RANGE_LOOP_ANALYSIS = YES;
				CLANG_WARN_STRICT_PROTOTYPES = YES;
				CLANG_WARN_SUSPICIOUS_MOVE = YES;
				CLANG_WARN_UNGUARDED_AVAILABILITY = YES_AGGRESSIVE;
				CLANG_WARN_UNREACHABLE_CODE = YES;
				CLANG_WARN__DUPLICATE_METHOD_MATCH = YES;
				COPY_PHASE_STRIP = NO;
				DEBUG_INFORMATION_FORMAT = dwarf;
				ENABLE_STRICT_OBJC_MSGSEND = YES;
				ENABLE_TESTABILITY = YES;
				GCC_C_LANGUAGE_STANDARD = gnu11;
				GCC_DYNAMIC_NO_PIC = NO;
				GCC_NO_COMMON_BLOCKS = YES;
				GCC_OPTIMIZATION_LEVEL = 0;
				GCC_PREPROCESSOR_DEFINITIONS = (
					"DEBUG=1",
					"$(inherited)",
				);
				GCC_WARN_64_TO_32_BIT_CONVERSION = YES;
				GCC_WARN_ABOUT_RETURN_TYPE = YES_ERROR;
				GCC_WARN_UNDECLARED_SELECTOR = YES;
				GCC_WARN_UNINITIALIZED_AUTOS = YES_AGGRESSIVE;
				GCC_WARN_UNUSED_FUNCTION = YES;
				GCC_WARN_UNUSED_VARIABLE = YES;
				IPHONEOS_DEPLOYMENT_TARGET = 13.4;
				MTL_ENABLE_DEBUG_INFO = INCLUDE_SOURCE;
				MTL_FAST_MATH = YES;
				ONLY_ACTIVE_ARCH = YES;
				SDKROOT = iphoneos;
				SWIFT_ACTIVE_COMPILATION_CONDITIONS = DEBUG;
				SWIFT_OPTIMIZATION_LEVEL = "-Onone";
			};
			name = Debug;
		};
		FD1A4ED524B7BE11008E379C /* Release */ = {
			isa = XCBuildConfiguration;
			buildSettings = {
				ALWAYS_SEARCH_USER_PATHS = NO;
				CLANG_ANALYZER_NONNULL = YES;
				CLANG_ANALYZER_NUMBER_OBJECT_CONVERSION = YES_AGGRESSIVE;
				CLANG_CXX_LANGUAGE_STANDARD = "gnu++14";
				CLANG_CXX_LIBRARY = "libc++";
				CLANG_ENABLE_MODULES = YES;
				CLANG_ENABLE_OBJC_ARC = YES;
				CLANG_ENABLE_OBJC_WEAK = YES;
				CLANG_WARN_BLOCK_CAPTURE_AUTORELEASING = YES;
				CLANG_WARN_BOOL_CONVERSION = YES;
				CLANG_WARN_COMMA = YES;
				CLANG_WARN_CONSTANT_CONVERSION = YES;
				CLANG_WARN_DEPRECATED_OBJC_IMPLEMENTATIONS = YES;
				CLANG_WARN_DIRECT_OBJC_ISA_USAGE = YES_ERROR;
				CLANG_WARN_DOCUMENTATION_COMMENTS = YES;
				CLANG_WARN_EMPTY_BODY = YES;
				CLANG_WARN_ENUM_CONVERSION = YES;
				CLANG_WARN_INFINITE_RECURSION = YES;
				CLANG_WARN_INT_CONVERSION = YES;
				CLANG_WARN_NON_LITERAL_NULL_CONVERSION = YES;
				CLANG_WARN_OBJC_IMPLICIT_RETAIN_SELF = YES;
				CLANG_WARN_OBJC_LITERAL_CONVERSION = YES;
				CLANG_WARN_OBJC_ROOT_CLASS = YES_ERROR;
				CLANG_WARN_RANGE_LOOP_ANALYSIS = YES;
				CLANG_WARN_STRICT_PROTOTYPES = YES;
				CLANG_WARN_SUSPICIOUS_MOVE = YES;
				CLANG_WARN_UNGUARDED_AVAILABILITY = YES_AGGRESSIVE;
				CLANG_WARN_UNREACHABLE_CODE = YES;
				CLANG_WARN__DUPLICATE_METHOD_MATCH = YES;
				COPY_PHASE_STRIP = NO;
				DEBUG_INFORMATION_FORMAT = "dwarf-with-dsym";
				ENABLE_NS_ASSERTIONS = NO;
				ENABLE_STRICT_OBJC_MSGSEND = YES;
				GCC_C_LANGUAGE_STANDARD = gnu11;
				GCC_NO_COMMON_BLOCKS = YES;
				GCC_WARN_64_TO_32_BIT_CONVERSION = YES;
				GCC_WARN_ABOUT_RETURN_TYPE = YES_ERROR;
				GCC_WARN_UNDECLARED_SELECTOR = YES;
				GCC_WARN_UNINITIALIZED_AUTOS = YES_AGGRESSIVE;
				GCC_WARN_UNUSED_FUNCTION = YES;
				GCC_WARN_UNUSED_VARIABLE = YES;
				IPHONEOS_DEPLOYMENT_TARGET = 13.4;
				MTL_ENABLE_DEBUG_INFO = NO;
				MTL_FAST_MATH = YES;
				SDKROOT = iphoneos;
				SWIFT_COMPILATION_MODE = wholemodule;
				SWIFT_OPTIMIZATION_LEVEL = "-O";
				VALIDATE_PRODUCT = YES;
			};
			name = Release;
		};
		FD1A4ED724B7BE11008E379C /* Debug */ = {
			isa = XCBuildConfiguration;
			buildSettings = {
				ASSETCATALOG_COMPILER_APPICON_NAME = AppIcon;
				CODE_SIGN_STYLE = Automatic;
				DEVELOPMENT_TEAM = LX84G6PTJX;
				INFOPLIST_FILE = FondWire/Info.plist;
				LD_RUNPATH_SEARCH_PATHS = (
					"$(inherited)",
					"@executable_path/Frameworks",
				);
				PRODUCT_BUNDLE_IDENTIFIER = eddyash.FondWire;
				PRODUCT_NAME = "$(TARGET_NAME)";
				SWIFT_VERSION = 5.0;
				TARGETED_DEVICE_FAMILY = "1,2";
			};
			name = Debug;
		};
		FD1A4ED824B7BE11008E379C /* Release */ = {
			isa = XCBuildConfiguration;
			buildSettings = {
				ASSETCATALOG_COMPILER_APPICON_NAME = AppIcon;
				CODE_SIGN_STYLE = Automatic;
				DEVELOPMENT_TEAM = LX84G6PTJX;
				INFOPLIST_FILE = FondWire/Info.plist;
				LD_RUNPATH_SEARCH_PATHS = (
					"$(inherited)",
					"@executable_path/Frameworks",
				);
				PRODUCT_BUNDLE_IDENTIFIER = eddyash.FondWire;
				PRODUCT_NAME = "$(TARGET_NAME)";
				SWIFT_VERSION = 5.0;
				TARGETED_DEVICE_FAMILY = "1,2";
			};
			name = Release;
		};
/* End XCBuildConfiguration section */

/* Begin XCConfigurationList section */
		FD1A4EBD24B7BE0F008E379C /* Build configuration list for PBXProject "FondWire" */ = {
			isa = XCConfigurationList;
			buildConfigurations = (
				FD1A4ED424B7BE11008E379C /* Debug */,
				FD1A4ED524B7BE11008E379C /* Release */,
			);
			defaultConfigurationIsVisible = 0;
			defaultConfigurationName = Release;
		};
		FD1A4ED624B7BE11008E379C /* Build configuration list for PBXNativeTarget "FondWire" */ = {
			isa = XCConfigurationList;
			buildConfigurations = (
				FD1A4ED724B7BE11008E379C /* Debug */,
				FD1A4ED824B7BE11008E379C /* Release */,
			);
			defaultConfigurationIsVisible = 0;
			defaultConfigurationName = Release;
		};
/* End XCConfigurationList section */
	};
	rootObject = FD1A4EBA24B7BE0F008E379C /* Project object */;
}
